
Microsoft Visual Studio Solution File, Format Version 12.00
# Visual Studio Version 17
VisualStudioVersion = 17.6.33801.468
MinimumVisualStudioVersion = 10.0.40219.1
Project("{FAE04EC0-301F-11D3-BF4B-00C04F79EFBC}") = "TestWorkMB", "TestWorkMB.csproj", "{D2B7FED5-B1F5-4C26-A11F-C7133703EB79}"
EndProject
Project("{FAE04EC0-301F-11D3-BF4B-00C04F79EFBC}") = "TestWorkMB.tests", "TestWorkMB.tests\TestWorkMB.tests.csproj", "{DF331119-8D86-44AC-98F7-0582980D28EB}"
EndProject
Global
	GlobalSection(SolutionConfigurationPlatforms) = preSolution
		Debug|Any CPU = Debug|Any CPU
		Release|Any CPU = Release|Any CPU
	EndGlobalSection
	GlobalSection(ProjectConfigurationPlatforms) = postSolution
		{D2B7FED5-B1F5-4C26-A11F-C7133703EB79}.Debug|Any CPU.ActiveCfg = Debug|Any CPU
		{D2B7FED5-B1F5-4C26-A11F-C7133703EB79}.Debug|Any CPU.Build.0 = Debug|Any CPU
		{D2B7FED5-B1F5-4C26-A11F-C7133703EB79}.Release|Any CPU.ActiveCfg = Release|Any CPU
		{D2B7FED5-B1F5-4C26-A11F-C7133703EB79}.Release|Any CPU.Build.0 = Release|Any CPU
		{DF331119-8D86-44AC-98F7-0582980D28EB}.Debug|Any CPU.ActiveCfg = Debug|Any CPU
		{DF331119-8D86-44AC-98F7-0582980D28EB}.Debug|Any CPU.Build.0 = Debug|Any CPU
		{DF331119-8D86-44AC-98F7-0582980D28EB}.Release|Any CPU.ActiveCfg = Release|Any CPU
		{DF331119-8D86-44AC-98F7-0582980D28EB}.Release|Any CPU.Build.0 = Release|Any CPU
	EndGlobalSection
	GlobalSection(SolutionProperties) = preSolution
		HideSolutionNode = FALSE
	EndGlobalSection
	GlobalSection(ExtensibilityGlobals) = postSolution
		SolutionGuid = {9FFCD0FD-99BF-403D-8305-9E3F129B95E4}
	EndGlobalSection
EndGlobal
